
Microsoft Visual Studio Solution File, Format Version 12.00
# Visual Studio Version 17
VisualStudioVersion = 17.1.32228.430
MinimumVisualStudioVersion = 10.0.40219.1
Project("{9A19103F-16F7-4668-BE54-9A1E7A4F7556}") = "Fiap.Smarthealth.Api", "src\Fiap.Smarthealth.Api\Fiap.Smarthealth.Api.csproj", "{115F9CF9-2341-4880-9A92-818175B50B64}"
EndProject
Project("{9A19103F-16F7-4668-BE54-9A1E7A4F7556}") = "Fiap.Smarthealth.Application", "src\Fiap.Smarthealth.Application\Fiap.Smarthealth.Application.csproj", "{7B06693C-6053-4427-BBCB-69674606DA8D}"
EndProject
Project("{9A19103F-16F7-4668-BE54-9A1E7A4F7556}") = "Fiap.Smarthealth.Core", "src\Fiap.Smarthealth.Core\Fiap.Smarthealth.Core.csproj", "{59949EC5-1A25-49FE-86E6-224B117DBCF9}"
EndProject
Project("{FAE04EC0-301F-11D3-BF4B-00C04F79EFBC}") = "Fiap.Smarthealth.Data", "src\Fiap.Smarthealth.Data\Fiap.Smarthealth.Data.csproj", "{72FC7598-8B0E-40D1-82DD-DE4E93DBCAC1}"
EndProject
Project("{FAE04EC0-301F-11D3-BF4B-00C04F79EFBC}") = "Fiap.Smarthealth.Infrastructure", "src\Fiap.Smarthealth.Infrastructure\Fiap.Smarthealth.Infrastructure.csproj", "{6EEEBF13-5327-43A4-B05A-28AF00F78CC2}"
EndProject
Global
	GlobalSection(SolutionConfigurationPlatforms) = preSolution
		Debug|Any CPU = Debug|Any CPU
		Release|Any CPU = Release|Any CPU
	EndGlobalSection
	GlobalSection(ProjectConfigurationPlatforms) = postSolution
		{115F9CF9-2341-4880-9A92-818175B50B64}.Debug|Any CPU.ActiveCfg = Debug|Any CPU
		{115F9CF9-2341-4880-9A92-818175B50B64}.Debug|Any CPU.Build.0 = Debug|Any CPU
		{115F9CF9-2341-4880-9A92-818175B50B64}.Release|Any CPU.ActiveCfg = Release|Any CPU
		{115F9CF9-2341-4880-9A92-818175B50B64}.Release|Any CPU.Build.0 = Release|Any CPU
		{7B06693C-6053-4427-BBCB-69674606DA8D}.Debug|Any CPU.ActiveCfg = Debug|Any CPU
		{7B06693C-6053-4427-BBCB-69674606DA8D}.Debug|Any CPU.Build.0 = Debug|Any CPU
		{7B06693C-6053-4427-BBCB-69674606DA8D}.Release|Any CPU.ActiveCfg = Release|Any CPU
		{7B06693C-6053-4427-BBCB-69674606DA8D}.Release|Any CPU.Build.0 = Release|Any CPU
		{59949EC5-1A25-49FE-86E6-224B117DBCF9}.Debug|Any CPU.ActiveCfg = Debug|Any CPU
		{59949EC5-1A25-49FE-86E6-224B117DBCF9}.Debug|Any CPU.Build.0 = Debug|Any CPU
		{59949EC5-1A25-49FE-86E6-224B117DBCF9}.Release|Any CPU.ActiveCfg = Release|Any CPU
		{59949EC5-1A25-49FE-86E6-224B117DBCF9}.Release|Any CPU.Build.0 = Release|Any CPU
		{72FC7598-8B0E-40D1-82DD-DE4E93DBCAC1}.Debug|Any CPU.ActiveCfg = Debug|Any CPU
		{72FC7598-8B0E-40D1-82DD-DE4E93DBCAC1}.Debug|Any CPU.Build.0 = Debug|Any CPU
		{72FC7598-8B0E-40D1-82DD-DE4E93DBCAC1}.Release|Any CPU.ActiveCfg = Release|Any CPU
		{72FC7598-8B0E-40D1-82DD-DE4E93DBCAC1}.Release|Any CPU.Build.0 = Release|Any CPU
		{6EEEBF13-5327-43A4-B05A-28AF00F78CC2}.Debug|Any CPU.ActiveCfg = Debug|Any CPU
		{6EEEBF13-5327-43A4-B05A-28AF00F78CC2}.Debug|Any CPU.Build.0 = Debug|Any CPU
		{6EEEBF13-5327-43A4-B05A-28AF00F78CC2}.Release|Any CPU.ActiveCfg = Release|Any CPU
		{6EEEBF13-5327-43A4-B05A-28AF00F78CC2}.Release|Any CPU.Build.0 = Release|Any CPU
	EndGlobalSection
	GlobalSection(SolutionProperties) = preSolution
		HideSolutionNode = FALSE
	EndGlobalSection
	GlobalSection(ExtensibilityGlobals) = postSolution
		SolutionGuid = {15C9AA17-1D06-448B-A86C-07D750F3AB0C}
	EndGlobalSection
EndGlobal
